
Microsoft Visual Studio Solution File, Format Version 12.00
# Visual Studio Version 17
VisualStudioVersion = 17.11.35312.102
MinimumVisualStudioVersion = 10.0.40219.1
Project("{FAE04EC0-301F-11D3-BF4B-00C04F79EFBC}") = "23Dh110735_MyStore", "23Dh110735_MyStore\23Dh110735_MyStore.csproj", "{67D2B7FE-13F3-4CA9-9FAF-1C361ECD876B}"
EndProject
Global
	GlobalSection(SolutionConfigurationPlatforms) = preSolution
		Debug|Any CPU = Debug|Any CPU
		Release|Any CPU = Release|Any CPU
	EndGlobalSection
	GlobalSection(ProjectConfigurationPlatforms) = postSolution
		{67D2B7FE-13F3-4CA9-9FAF-1C361ECD876B}.Debug|Any CPU.ActiveCfg = Debug|Any CPU
		{67D2B7FE-13F3-4CA9-9FAF-1C361ECD876B}.Debug|Any CPU.Build.0 = Debug|Any CPU
		{67D2B7FE-13F3-4CA9-9FAF-1C361ECD876B}.Release|Any CPU.ActiveCfg = Release|Any CPU
		{67D2B7FE-13F3-4CA9-9FAF-1C361ECD876B}.Release|Any CPU.Build.0 = Release|Any CPU
	EndGlobalSection
	GlobalSection(SolutionProperties) = preSolution
		HideSolutionNode = FALSE
	EndGlobalSection
	GlobalSection(ExtensibilityGlobals) = postSolution
		SolutionGuid = {D76C2BCD-B621-45F5-AFC4-D8BD430F0EFF}
	EndGlobalSection
EndGlobal
